{
  "name": "windows-sucks",
  "lockfileVersion": 3,
  "requires": true,
  "packages": {
    "": {
      "name": "windows-sucks",
      "license": "(MIT or CC0 1.0)",
      "dependencies": {
        "windows-sucks": "./"
      },
      "bin": {
        "windows-sucks": "bin.js"
      }
    },
    "node_modules/windows-sucks": {
      "resolved": "",
      "link": true
    }
  }
}
